
Microsoft Visual Studio Solution File, Format Version 12.00
# Visual Studio Version 16
VisualStudioVersion = 16.0.30804.86
MinimumVisualStudioVersion = 10.0.40219.1
Project("{FAE04EC0-301F-11D3-BF4B-00C04F79EFBC}") = "Q01 Game", "Q01 Game\Q01 Game.csproj", "{7C5EE028-C040-4A2B-AC65-622B7900AE38}"
EndProject
Project("{FAE04EC0-301F-11D3-BF4B-00C04F79EFBC}") = "Q02 Electronic Message", "Q02 Electronic Message\Q02 Electronic Message.csproj", "{BC489C0B-3956-4931-A67F-D3EE70FE625C}"
EndProject
Project("{FAE04EC0-301F-11D3-BF4B-00C04F79EFBC}") = "Q03 Pincode", "Q03 Pincode\Q03 Pincode.csproj", "{355C0E7D-0A8D-4922-8371-3362315F0E87}"
EndProject
Project("{FAE04EC0-301F-11D3-BF4B-00C04F79EFBC}") = "Q04 Order", "Q04 Order\Q04 Order.csproj", "{D7F825DD-184B-4CC8-BA3B-13EC09CDC3EE}"
EndProject
Global
	GlobalSection(SolutionConfigurationPlatforms) = preSolution
		Debug|Any CPU = Debug|Any CPU
		Release|Any CPU = Release|Any CPU
	EndGlobalSection
	GlobalSection(ProjectConfigurationPlatforms) = postSolution
		{7C5EE028-C040-4A2B-AC65-622B7900AE38}.Debug|Any CPU.ActiveCfg = Debug|Any CPU
		{7C5EE028-C040-4A2B-AC65-622B7900AE38}.Debug|Any CPU.Build.0 = Debug|Any CPU
		{7C5EE028-C040-4A2B-AC65-622B7900AE38}.Release|Any CPU.ActiveCfg = Release|Any CPU
		{7C5EE028-C040-4A2B-AC65-622B7900AE38}.Release|Any CPU.Build.0 = Release|Any CPU
		{BC489C0B-3956-4931-A67F-D3EE70FE625C}.Debug|Any CPU.ActiveCfg = Debug|Any CPU
		{BC489C0B-3956-4931-A67F-D3EE70FE625C}.Debug|Any CPU.Build.0 = Debug|Any CPU
		{BC489C0B-3956-4931-A67F-D3EE70FE625C}.Release|Any CPU.ActiveCfg = Release|Any CPU
		{BC489C0B-3956-4931-A67F-D3EE70FE625C}.Release|Any CPU.Build.0 = Release|Any CPU
		{355C0E7D-0A8D-4922-8371-3362315F0E87}.Debug|Any CPU.ActiveCfg = Debug|Any CPU
		{355C0E7D-0A8D-4922-8371-3362315F0E87}.Debug|Any CPU.Build.0 = Debug|Any CPU
		{355C0E7D-0A8D-4922-8371-3362315F0E87}.Release|Any CPU.ActiveCfg = Release|Any CPU
		{355C0E7D-0A8D-4922-8371-3362315F0E87}.Release|Any CPU.Build.0 = Release|Any CPU
		{D7F825DD-184B-4CC8-BA3B-13EC09CDC3EE}.Debug|Any CPU.ActiveCfg = Debug|Any CPU
		{D7F825DD-184B-4CC8-BA3B-13EC09CDC3EE}.Debug|Any CPU.Build.0 = Debug|Any CPU
		{D7F825DD-184B-4CC8-BA3B-13EC09CDC3EE}.Release|Any CPU.ActiveCfg = Release|Any CPU
		{D7F825DD-184B-4CC8-BA3B-13EC09CDC3EE}.Release|Any CPU.Build.0 = Release|Any CPU
	EndGlobalSection
	GlobalSection(SolutionProperties) = preSolution
		HideSolutionNode = FALSE
	EndGlobalSection
	GlobalSection(ExtensibilityGlobals) = postSolution
		SolutionGuid = {22DC9693-C36D-4218-94AB-F822F78A0B69}
	EndGlobalSection
EndGlobal
