
Microsoft Visual Studio Solution File, Format Version 12.00
# Visual Studio Version 16
VisualStudioVersion = 16.0.30804.86
MinimumVisualStudioVersion = 10.0.40219.1
Project("{FAE04EC0-301F-11D3-BF4B-00C04F79EFBC}") = "Q01 Game", "Q01 Game\Q01 Game.csproj", "{7C5EE028-C040-4A2B-AC65-622B7900AE38}"
EndProject
Global
	GlobalSection(SolutionConfigurationPlatforms) = preSolution
		Debug|Any CPU = Debug|Any CPU
		Release|Any CPU = Release|Any CPU
	EndGlobalSection
	GlobalSection(ProjectConfigurationPlatforms) = postSolution
		{7C5EE028-C040-4A2B-AC65-622B7900AE38}.Debug|Any CPU.ActiveCfg = Debug|Any CPU
		{7C5EE028-C040-4A2B-AC65-622B7900AE38}.Debug|Any CPU.Build.0 = Debug|Any CPU
		{7C5EE028-C040-4A2B-AC65-622B7900AE38}.Release|Any CPU.ActiveCfg = Release|Any CPU
		{7C5EE028-C040-4A2B-AC65-622B7900AE38}.Release|Any CPU.Build.0 = Release|Any CPU
	EndGlobalSection
	GlobalSection(SolutionProperties) = preSolution
		HideSolutionNode = FALSE
	EndGlobalSection
	GlobalSection(ExtensibilityGlobals) = postSolution
		SolutionGuid = {22DC9693-C36D-4218-94AB-F822F78A0B69}
	EndGlobalSection
EndGlobal
