
Microsoft Visual Studio Solution File, Format Version 12.00
# Visual Studio Version 16
VisualStudioVersion = 16.0.30804.86
MinimumVisualStudioVersion = 10.0.40219.1
Project("{FAE04EC0-301F-11D3-BF4B-00C04F79EFBC}") = "Q01 Biggest Prime Number", "Q01 Biggest Prime Number\Q01 Biggest Prime Number.csproj", "{06DBC260-9424-40B9-A088-AE62D183EA39}"
EndProject
Project("{FAE04EC0-301F-11D3-BF4B-00C04F79EFBC}") = "Q02 Forest Road", "Q02 Forest Road\Q02 Forest Road.csproj", "{2A124BAC-A3AF-44B5-8AFA-225BE34AB355}"
EndProject
Project("{FAE04EC0-301F-11D3-BF4B-00C04F79EFBC}") = "Q03 Least Multiple", "Q03 Least Multiple\Q03 Least Multiple.csproj", "{E10F40FA-CE2C-4D39-A9E5-8DFA171C4E76}"
EndProject
Global
	GlobalSection(SolutionConfigurationPlatforms) = preSolution
		Debug|Any CPU = Debug|Any CPU
		Release|Any CPU = Release|Any CPU
	EndGlobalSection
	GlobalSection(ProjectConfigurationPlatforms) = postSolution
		{06DBC260-9424-40B9-A088-AE62D183EA39}.Debug|Any CPU.ActiveCfg = Debug|Any CPU
		{06DBC260-9424-40B9-A088-AE62D183EA39}.Debug|Any CPU.Build.0 = Debug|Any CPU
		{06DBC260-9424-40B9-A088-AE62D183EA39}.Release|Any CPU.ActiveCfg = Release|Any CPU
		{06DBC260-9424-40B9-A088-AE62D183EA39}.Release|Any CPU.Build.0 = Release|Any CPU
		{2A124BAC-A3AF-44B5-8AFA-225BE34AB355}.Debug|Any CPU.ActiveCfg = Debug|Any CPU
		{2A124BAC-A3AF-44B5-8AFA-225BE34AB355}.Debug|Any CPU.Build.0 = Debug|Any CPU
		{2A124BAC-A3AF-44B5-8AFA-225BE34AB355}.Release|Any CPU.ActiveCfg = Release|Any CPU
		{2A124BAC-A3AF-44B5-8AFA-225BE34AB355}.Release|Any CPU.Build.0 = Release|Any CPU
		{E10F40FA-CE2C-4D39-A9E5-8DFA171C4E76}.Debug|Any CPU.ActiveCfg = Debug|Any CPU
		{E10F40FA-CE2C-4D39-A9E5-8DFA171C4E76}.Debug|Any CPU.Build.0 = Debug|Any CPU
		{E10F40FA-CE2C-4D39-A9E5-8DFA171C4E76}.Release|Any CPU.ActiveCfg = Release|Any CPU
		{E10F40FA-CE2C-4D39-A9E5-8DFA171C4E76}.Release|Any CPU.Build.0 = Release|Any CPU
	EndGlobalSection
	GlobalSection(SolutionProperties) = preSolution
		HideSolutionNode = FALSE
	EndGlobalSection
	GlobalSection(ExtensibilityGlobals) = postSolution
		SolutionGuid = {CB5AD0AB-AD54-485D-8A67-FCE8B959952D}
	EndGlobalSection
EndGlobal
